
Microsoft Visual Studio Solution File, Format Version 12.00
# Visual Studio Version 16
VisualStudioVersion = 16.0.30621.155
MinimumVisualStudioVersion = 10.0.40219.1
Project("{FAE04EC0-301F-11D3-BF4B-00C04F79EFBC}") = "UI", "UI\UI.csproj", "{00D1B32C-F88C-4B1C-BD6D-79849EE794EB}"
EndProject
Project("{FAE04EC0-301F-11D3-BF4B-00C04F79EFBC}") = "UI2", "UI2\UI2.csproj", "{C8D8BEAC-EBDA-47D0-9DD2-756FBB02214F}"
EndProject
Global
	GlobalSection(SolutionConfigurationPlatforms) = preSolution
		Debug|Any CPU = Debug|Any CPU
		Release|Any CPU = Release|Any CPU
	EndGlobalSection
	GlobalSection(ProjectConfigurationPlatforms) = postSolution
		{00D1B32C-F88C-4B1C-BD6D-79849EE794EB}.Debug|Any CPU.ActiveCfg = Debug|Any CPU
		{00D1B32C-F88C-4B1C-BD6D-79849EE794EB}.Debug|Any CPU.Build.0 = Debug|Any CPU
		{00D1B32C-F88C-4B1C-BD6D-79849EE794EB}.Release|Any CPU.ActiveCfg = Release|Any CPU
		{00D1B32C-F88C-4B1C-BD6D-79849EE794EB}.Release|Any CPU.Build.0 = Release|Any CPU
		{C8D8BEAC-EBDA-47D0-9DD2-756FBB02214F}.Debug|Any CPU.ActiveCfg = Debug|Any CPU
		{C8D8BEAC-EBDA-47D0-9DD2-756FBB02214F}.Debug|Any CPU.Build.0 = Debug|Any CPU
		{C8D8BEAC-EBDA-47D0-9DD2-756FBB02214F}.Release|Any CPU.ActiveCfg = Release|Any CPU
		{C8D8BEAC-EBDA-47D0-9DD2-756FBB02214F}.Release|Any CPU.Build.0 = Release|Any CPU
	EndGlobalSection
	GlobalSection(SolutionProperties) = preSolution
		HideSolutionNode = FALSE
	EndGlobalSection
	GlobalSection(ExtensibilityGlobals) = postSolution
		SolutionGuid = {6729DBA8-B529-4E98-B588-648537063E14}
	EndGlobalSection
EndGlobal
